
Microsoft Visual Studio Solution File, Format Version 12.00
# Visual Studio 14
VisualStudioVersion = 14.0.25420.1
MinimumVisualStudioVersion = 10.0.40219.1
Project("{FAE04EC0-301F-11D3-BF4B-00C04F79EFBC}") = "Xamarin.Android", "Xamarin.Android\Xamarin.Android.csproj", "{132F285E-18B5-4A39-BF80-B3DDBABDAA2C}"
EndProject
Project("{FAE04EC0-301F-11D3-BF4B-00C04F79EFBC}") = "MaterialCalendarView", "MaterialCalendarView\MaterialCalendarView.csproj", "{7A746E45-9E8B-474D-B0A3-45678B2547ED}"
EndProject
Global
	GlobalSection(SolutionConfigurationPlatforms) = preSolution
		Debug|Any CPU = Debug|Any CPU
		Release|Any CPU = Release|Any CPU
	EndGlobalSection
	GlobalSection(ProjectConfigurationPlatforms) = postSolution
		{132F285E-18B5-4A39-BF80-B3DDBABDAA2C}.Debug|Any CPU.ActiveCfg = Debug|Any CPU
		{132F285E-18B5-4A39-BF80-B3DDBABDAA2C}.Debug|Any CPU.Build.0 = Debug|Any CPU
		{132F285E-18B5-4A39-BF80-B3DDBABDAA2C}.Debug|Any CPU.Deploy.0 = Debug|Any CPU
		{132F285E-18B5-4A39-BF80-B3DDBABDAA2C}.Release|Any CPU.ActiveCfg = Release|Any CPU
		{132F285E-18B5-4A39-BF80-B3DDBABDAA2C}.Release|Any CPU.Build.0 = Release|Any CPU
		{132F285E-18B5-4A39-BF80-B3DDBABDAA2C}.Release|Any CPU.Deploy.0 = Release|Any CPU
		{7A746E45-9E8B-474D-B0A3-45678B2547ED}.Debug|Any CPU.ActiveCfg = Debug|Any CPU
		{7A746E45-9E8B-474D-B0A3-45678B2547ED}.Debug|Any CPU.Build.0 = Debug|Any CPU
		{7A746E45-9E8B-474D-B0A3-45678B2547ED}.Release|Any CPU.ActiveCfg = Release|Any CPU
		{7A746E45-9E8B-474D-B0A3-45678B2547ED}.Release|Any CPU.Build.0 = Release|Any CPU
	EndGlobalSection
	GlobalSection(SolutionProperties) = preSolution
		HideSolutionNode = FALSE
	EndGlobalSection
EndGlobal
